
Microsoft Visual Studio Solution File, Format Version 12.00
# Visual Studio 15
VisualStudioVersion = 15.0.28307.438
MinimumVisualStudioVersion = 10.0.40219.1
Project("{9092AA53-FB77-4645-B42D-1CCCA6BD08BD}") = "Sample-Node-OAuth2-Handler", "Sample-Node-OAuth2-Handler.njsproj", "{1C9927FE-6862-44E3-BCFB-188B316301A0}"
EndProject
Global
	GlobalSection(SolutionConfigurationPlatforms) = preSolution
		Debug|Any CPU = Debug|Any CPU
		Release|Any CPU = Release|Any CPU
	EndGlobalSection
	GlobalSection(ProjectConfigurationPlatforms) = postSolution
		{1C9927FE-6862-44E3-BCFB-188B316301A0}.Debug|Any CPU.ActiveCfg = Debug|Any CPU
		{1C9927FE-6862-44E3-BCFB-188B316301A0}.Debug|Any CPU.Build.0 = Debug|Any CPU
		{1C9927FE-6862-44E3-BCFB-188B316301A0}.Release|Any CPU.ActiveCfg = Release|Any CPU
		{1C9927FE-6862-44E3-BCFB-188B316301A0}.Release|Any CPU.Build.0 = Release|Any CPU
	EndGlobalSection
	GlobalSection(SolutionProperties) = preSolution
		HideSolutionNode = FALSE
	EndGlobalSection
	GlobalSection(ExtensibilityGlobals) = postSolution
		SolutionGuid = {5BADC24C-D894-47D8-8A73-539F0093F5FA}
	EndGlobalSection
EndGlobal
